
Microsoft Visual Studio Solution File, Format Version 12.00
# Visual Studio Version 16
VisualStudioVersion = 16.0.810.16
MinimumVisualStudioVersion = 10.0.40219.1
Project("{FAE04EC0-301F-11D3-BF4B-00C04F79EFBC}") = "10XOne.Core", "10XOne.Core\10XOne.Core.csproj", "{24A97BFB-EBF0-489A-ABAB-6008BF02B26E}"
EndProject
Project("{FAE04EC0-301F-11D3-BF4B-00C04F79EFBC}") = "10XOne.Infrastructure", "10XOne.Infrastructure\10XOne.Infrastructure.csproj", "{D743A6E2-0451-40D0-B24D-3ED322833055}"
EndProject
Project("{FAE04EC0-301F-11D3-BF4B-00C04F79EFBC}") = "10XOne.Web", "10XOne.Web\10XOne.Web.csproj", "{F1D18C30-F225-4C74-9E12-97783D6C56E8}"
EndProject
Global
	GlobalSection(SolutionConfigurationPlatforms) = preSolution
		Debug|Any CPU = Debug|Any CPU
		Release|Any CPU = Release|Any CPU
	EndGlobalSection
	GlobalSection(ProjectConfigurationPlatforms) = postSolution
		{24A97BFB-EBF0-489A-ABAB-6008BF02B26E}.Debug|Any CPU.ActiveCfg = Debug|Any CPU
		{24A97BFB-EBF0-489A-ABAB-6008BF02B26E}.Debug|Any CPU.Build.0 = Debug|Any CPU
		{24A97BFB-EBF0-489A-ABAB-6008BF02B26E}.Release|Any CPU.ActiveCfg = Release|Any CPU
		{24A97BFB-EBF0-489A-ABAB-6008BF02B26E}.Release|Any CPU.Build.0 = Release|Any CPU
		{D743A6E2-0451-40D0-B24D-3ED322833055}.Debug|Any CPU.ActiveCfg = Debug|Any CPU
		{D743A6E2-0451-40D0-B24D-3ED322833055}.Debug|Any CPU.Build.0 = Debug|Any CPU
		{D743A6E2-0451-40D0-B24D-3ED322833055}.Release|Any CPU.ActiveCfg = Release|Any CPU
		{D743A6E2-0451-40D0-B24D-3ED322833055}.Release|Any CPU.Build.0 = Release|Any CPU
		{F1D18C30-F225-4C74-9E12-97783D6C56E8}.Debug|Any CPU.ActiveCfg = Debug|Any CPU
		{F1D18C30-F225-4C74-9E12-97783D6C56E8}.Debug|Any CPU.Build.0 = Debug|Any CPU
		{F1D18C30-F225-4C74-9E12-97783D6C56E8}.Release|Any CPU.ActiveCfg = Release|Any CPU
		{F1D18C30-F225-4C74-9E12-97783D6C56E8}.Release|Any CPU.Build.0 = Release|Any CPU
	EndGlobalSection
	GlobalSection(SolutionProperties) = preSolution
		HideSolutionNode = FALSE
	EndGlobalSection
	GlobalSection(ExtensibilityGlobals) = postSolution
		SolutionGuid = {E8780D34-21BB-4304-87FA-036B3B66104C}
	EndGlobalSection
EndGlobal
